
Microsoft Visual Studio Solution File, Format Version 12.00
# Visual Studio 15
VisualStudioVersion = 15.0.28010.2048
MinimumVisualStudioVersion = 10.0.40219.1
Project("{FAE04EC0-301F-11D3-BF4B-00C04F79EFBC}") = "BOT-WBG", "BOT-WBG\BOT-WBG.csproj", "{B22BE71F-E2C0-4C60-8FCC-35404F38E614}"
EndProject
Global
	GlobalSection(SolutionConfigurationPlatforms) = preSolution
		Debug|Any CPU = Debug|Any CPU
		Release|Any CPU = Release|Any CPU
	EndGlobalSection
	GlobalSection(ProjectConfigurationPlatforms) = postSolution
		{B22BE71F-E2C0-4C60-8FCC-35404F38E614}.Debug|Any CPU.ActiveCfg = Debug|Any CPU
		{B22BE71F-E2C0-4C60-8FCC-35404F38E614}.Debug|Any CPU.Build.0 = Debug|Any CPU
		{B22BE71F-E2C0-4C60-8FCC-35404F38E614}.Release|Any CPU.ActiveCfg = Release|Any CPU
		{B22BE71F-E2C0-4C60-8FCC-35404F38E614}.Release|Any CPU.Build.0 = Release|Any CPU
	EndGlobalSection
	GlobalSection(SolutionProperties) = preSolution
		HideSolutionNode = FALSE
	EndGlobalSection
	GlobalSection(ExtensibilityGlobals) = postSolution
		SolutionGuid = {AC53D6FF-178A-4D6A-B2B8-5A8CE18E92CC}
	EndGlobalSection
EndGlobal
